// !$*UTF8*$!
{
	archiveVersion = 1;
	classes = {
	};
	objectVersion = 50;
	objects = {

/* Begin PBXBuildFile section */
		9552CC26224F9DBE00CAC1A9 /* AppDelegate.swift in Sources */ = {isa = PBXBuildFile; fileRef = 9552CC25224F9DBE00CAC1A9 /* AppDelegate.swift */; };
		9552CC28224F9DBE00CAC1A9 /* ForecastViewController.swift in Sources */ = {isa = PBXBuildFile; fileRef = 9552CC27224F9DBE00CAC1A9 /* ForecastViewController.swift */; };
		9552CC2B224F9DBE00CAC1A9 /* Main.storyboard in Resources */ = {isa = PBXBuildFile; fileRef = 9552CC29224F9DBE00CAC1A9 /* Main.storyboard */; };
		9552CC2D224F9DBE00CAC1A9 /* Assets.xcassets in Resources */ = {isa = PBXBuildFile; fileRef = 9552CC2C224F9DBE00CAC1A9 /* Assets.xcassets */; };
		9552CC30224F9DBE00CAC1A9 /* LaunchScreen.storyboard in Resources */ = {isa = PBXBuildFile; fileRef = 9552CC2E224F9DBE00CAC1A9 /* LaunchScreen.storyboard */; };
		9552CC3F224FA2B500CAC1A9 /* Logger.swift in Sources */ = {isa = PBXBuildFile; fileRef = 9552CC3E224FA2B500CAC1A9 /* Logger.swift */; };
		9552CC47224FA48400CAC1A9 /* ErrorCodes.swift in Sources */ = {isa = PBXBuildFile; fileRef = 9552CC46224FA48400CAC1A9 /* ErrorCodes.swift */; };
		9552CC49224FA48900CAC1A9 /* ErrorBanner.swift in Sources */ = {isa = PBXBuildFile; fileRef = 9552CC48224FA48900CAC1A9 /* ErrorBanner.swift */; };
		9552CC4B224FA4E000CAC1A9 /* UIApplicationExtension.swift in Sources */ = {isa = PBXBuildFile; fileRef = 9552CC4A224FA4E000CAC1A9 /* UIApplicationExtension.swift */; };
		9552CC4D224FB34900CAC1A9 /* Weather.swift in Sources */ = {isa = PBXBuildFile; fileRef = 9552CC4C224FB34900CAC1A9 /* Weather.swift */; };
		9552CC4F224FB45A00CAC1A9 /* Location.swift in Sources */ = {isa = PBXBuildFile; fileRef = 9552CC4E224FB45A00CAC1A9 /* Location.swift */; };
		9552CC51224FB4F200CAC1A9 /* CurrentWeather.swift in Sources */ = {isa = PBXBuildFile; fileRef = 9552CC50224FB4F200CAC1A9 /* CurrentWeather.swift */; };
		9552CC53224FB52700CAC1A9 /* Forecast.swift in Sources */ = {isa = PBXBuildFile; fileRef = 9552CC52224FB52700CAC1A9 /* Forecast.swift */; };
		9552CC55224FB90F00CAC1A9 /* WeatherService.swift in Sources */ = {isa = PBXBuildFile; fileRef = 9552CC54224FB90F00CAC1A9 /* WeatherService.swift */; };
		9552CC58224FC01D00CAC1A9 /* WeatherCell.swift in Sources */ = {isa = PBXBuildFile; fileRef = 9552CC57224FC01D00CAC1A9 /* WeatherCell.swift */; };
		9552CC5A224FCBBE00CAC1A9 /* ForecastDetailsViewController.swift in Sources */ = {isa = PBXBuildFile; fileRef = 9552CC59224FCBBE00CAC1A9 /* ForecastDetailsViewController.swift */; };
		9552CC5F224FDEB300CAC1A9 /* LocationService.swift in Sources */ = {isa = PBXBuildFile; fileRef = 9552CC5E224FDEB300CAC1A9 /* LocationService.swift */; };
		9552CC63224FEEB300CAC1A9 /* UIViewExtension.swift in Sources */ = {isa = PBXBuildFile; fileRef = 9552CC62224FEEB300CAC1A9 /* UIViewExtension.swift */; };
		9552CC65224FF45D00CAC1A9 /* UIViewControllerExtension.swift in Sources */ = {isa = PBXBuildFile; fileRef = 9552CC64224FF45D00CAC1A9 /* UIViewControllerExtension.swift */; };
		9552CC6B224FF6E200CAC1A9 /* CustomAlertLoadingView.xib in Resources */ = {isa = PBXBuildFile; fileRef = 9552CC6A224FF6E200CAC1A9 /* CustomAlertLoadingView.xib */; };
		9552CC6D224FF75800CAC1A9 /* CustomAlertLoadingView.swift in Sources */ = {isa = PBXBuildFile; fileRef = 9552CC6C224FF75800CAC1A9 /* CustomAlertLoadingView.swift */; };
		9552CC6F224FFD1A00CAC1A9 /* UIImageViewExtension.swift in Sources */ = {isa = PBXBuildFile; fileRef = 9552CC6E224FFD1A00CAC1A9 /* UIImageViewExtension.swift */; };
		A8509341AE047C52F23A2CF9 /* Pods_WeatherApp.framework in Frameworks */ = {isa = PBXBuildFile; fileRef = 0B7D4D46B66DE49E1622A6C4 /* Pods_WeatherApp.framework */; };
/* End PBXBuildFile section */

/* Begin PBXFileReference section */
		0B7D4D46B66DE49E1622A6C4 /* Pods_WeatherApp.framework */ = {isa = PBXFileReference; explicitFileType = wrapper.framework; includeInIndex = 0; path = Pods_WeatherApp.framework; sourceTree = BUILT_PRODUCTS_DIR; };
		670BC5D19ABD03B5EA8766D2 /* Pods-WeatherApp.release.xcconfig */ = {isa = PBXFileReference; includeInIndex = 1; lastKnownFileType = text.xcconfig; name = "Pods-WeatherApp.release.xcconfig"; path = "Target Support Files/Pods-WeatherApp/Pods-WeatherApp.release.xcconfig"; sourceTree = "<group>"; };
		7FBD0D8F6B4485A6BC78355B /* Pods-WeatherApp.debug.xcconfig */ = {isa = PBXFileReference; includeInIndex = 1; lastKnownFileType = text.xcconfig; name = "Pods-WeatherApp.debug.xcconfig"; path = "Target Support Files/Pods-WeatherApp/Pods-WeatherApp.debug.xcconfig"; sourceTree = "<group>"; };
		9552CC22224F9DBE00CAC1A9 /* WeatherApp.app */ = {isa = PBXFileReference; explicitFileType = wrapper.application; includeInIndex = 0; path = WeatherApp.app; sourceTree = BUILT_PRODUCTS_DIR; };
		9552CC25224F9DBE00CAC1A9 /* AppDelegate.swift */ = {isa = PBXFileReference; lastKnownFileType = sourcecode.swift; path = AppDelegate.swift; sourceTree = "<group>"; };
		9552CC27224F9DBE00CAC1A9 /* ForecastViewController.swift */ = {isa = PBXFileReference; lastKnownFileType = sourcecode.swift; path = ForecastViewController.swift; sourceTree = "<group>"; };
		9552CC2A224F9DBE00CAC1A9 /* Base */ = {isa = PBXFileReference; lastKnownFileType = file.storyboard; name = Base; path = Base.lproj/Main.storyboard; sourceTree = "<group>"; };
		9552CC2C224F9DBE00CAC1A9 /* Assets.xcassets */ = {isa = PBXFileReference; lastKnownFileType = folder.assetcatalog; path = Assets.xcassets; sourceTree = "<group>"; };
		9552CC2F224F9DBE00CAC1A9 /* Base */ = {isa = PBXFileReference; lastKnownFileType = file.storyboard; name = Base; path = Base.lproj/LaunchScreen.storyboard; sourceTree = "<group>"; };
		9552CC31224F9DBE00CAC1A9 /* Info.plist */ = {isa = PBXFileReference; lastKnownFileType = text.plist.xml; path = Info.plist; sourceTree = "<group>"; };
		9552CC3E224FA2B500CAC1A9 /* Logger.swift */ = {isa = PBXFileReference; lastKnownFileType = sourcecode.swift; path = Logger.swift; sourceTree = "<group>"; };
		9552CC46224FA48400CAC1A9 /* ErrorCodes.swift */ = {isa = PBXFileReference; lastKnownFileType = sourcecode.swift; path = ErrorCodes.swift; sourceTree = "<group>"; };
		9552CC48224FA48900CAC1A9 /* ErrorBanner.swift */ = {isa = PBXFileReference; lastKnownFileType = sourcecode.swift; path = ErrorBanner.swift; sourceTree = "<group>"; };
		9552CC4A224FA4E000CAC1A9 /* UIApplicationExtension.swift */ = {isa = PBXFileReference; lastKnownFileType = sourcecode.swift; path = UIApplicationExtension.swift; sourceTree = "<group>"; };
		9552CC4C224FB34900CAC1A9 /* Weather.swift */ = {isa = PBXFileReference; lastKnownFileType = sourcecode.swift; path = Weather.swift; sourceTree = "<group>"; };
		9552CC4E224FB45A00CAC1A9 /* Location.swift */ = {isa = PBXFileReference; lastKnownFileType = sourcecode.swift; path = Location.swift; sourceTree = "<group>"; };
		9552CC50224FB4F200CAC1A9 /* CurrentWeather.swift */ = {isa = PBXFileReference; lastKnownFileType = sourcecode.swift; path = CurrentWeather.swift; sourceTree = "<group>"; };
		9552CC52224FB52700CAC1A9 /* Forecast.swift */ = {isa = PBXFileReference; lastKnownFileType = sourcecode.swift; path = Forecast.swift; sourceTree = "<group>"; };
		9552CC54224FB90F00CAC1A9 /* WeatherService.swift */ = {isa = PBXFileReference; lastKnownFileType = sourcecode.swift; path = WeatherService.swift; sourceTree = "<group>"; };
		9552CC57224FC01D00CAC1A9 /* WeatherCell.swift */ = {isa = PBXFileReference; lastKnownFileType = sourcecode.swift; path = WeatherCell.swift; sourceTree = "<group>"; };
		9552CC59224FCBBE00CAC1A9 /* ForecastDetailsViewController.swift */ = {isa = PBXFileReference; lastKnownFileType = sourcecode.swift; path = ForecastDetailsViewController.swift; sourceTree = "<group>"; };
		9552CC5E224FDEB300CAC1A9 /* LocationService.swift */ = {isa = PBXFileReference; lastKnownFileType = sourcecode.swift; path = LocationService.swift; sourceTree = "<group>"; };
		9552CC62224FEEB300CAC1A9 /* UIViewExtension.swift */ = {isa = PBXFileReference; lastKnownFileType = sourcecode.swift; path = UIViewExtension.swift; sourceTree = "<group>"; };
		9552CC64224FF45D00CAC1A9 /* UIViewControllerExtension.swift */ = {isa = PBXFileReference; lastKnownFileType = sourcecode.swift; path = UIViewControllerExtension.swift; sourceTree = "<group>"; };
		9552CC6A224FF6E200CAC1A9 /* CustomAlertLoadingView.xib */ = {isa = PBXFileReference; lastKnownFileType = file.xib; path = CustomAlertLoadingView.xib; sourceTree = "<group>"; };
		9552CC6C224FF75800CAC1A9 /* CustomAlertLoadingView.swift */ = {isa = PBXFileReference; lastKnownFileType = sourcecode.swift; path = CustomAlertLoadingView.swift; sourceTree = "<group>"; };
		9552CC6E224FFD1A00CAC1A9 /* UIImageViewExtension.swift */ = {isa = PBXFileReference; lastKnownFileType = sourcecode.swift; path = UIImageViewExtension.swift; sourceTree = "<group>"; };
/* End PBXFileReference section */

/* Begin PBXFrameworksBuildPhase section */
		9552CC1F224F9DBE00CAC1A9 /* Frameworks */ = {
			isa = PBXFrameworksBuildPhase;
			buildActionMask = 2147483647;
			files = (
				A8509341AE047C52F23A2CF9 /* Pods_WeatherApp.framework in Frameworks */,
			);
			runOnlyForDeploymentPostprocessing = 0;
		};
/* End PBXFrameworksBuildPhase section */

/* Begin PBXGroup section */
		60000DB1DBBA2E2C76483FD8 /* Pods */ = {
			isa = PBXGroup;
			children = (
				7FBD0D8F6B4485A6BC78355B /* Pods-WeatherApp.debug.xcconfig */,
				670BC5D19ABD03B5EA8766D2 /* Pods-WeatherApp.release.xcconfig */,
			);
			path = Pods;
			sourceTree = "<group>";
		};
		9552CC19224F9DBE00CAC1A9 = {
			isa = PBXGroup;
			children = (
				9552CC24224F9DBE00CAC1A9 /* WeatherApp */,
				9552CC23224F9DBE00CAC1A9 /* Products */,
				60000DB1DBBA2E2C76483FD8 /* Pods */,
				CD8AAB4D111EF20088E3E823 /* Frameworks */,
			);
			sourceTree = "<group>";
		};
		9552CC23224F9DBE00CAC1A9 /* Products */ = {
			isa = PBXGroup;
			children = (
				9552CC22224F9DBE00CAC1A9 /* WeatherApp.app */,
			);
			name = Products;
			sourceTree = "<group>";
		};
		9552CC24224F9DBE00CAC1A9 /* WeatherApp */ = {
			isa = PBXGroup;
			children = (
				9552CC42224FA45400CAC1A9 /* Extensions */,
				9552CC3A224F9F8D00CAC1A9 /* Network */,
				9552CC38224F9F4F00CAC1A9 /* Model */,
				9552CC39224F9F5400CAC1A9 /* View */,
				9552CC37224F9F4700CAC1A9 /* Controller */,
				9552CC25224F9DBE00CAC1A9 /* AppDelegate.swift */,
				9552CC29224F9DBE00CAC1A9 /* Main.storyboard */,
				9552CC2E224F9DBE00CAC1A9 /* LaunchScreen.storyboard */,
				9552CC2C224F9DBE00CAC1A9 /* Assets.xcassets */,
				9552CC31224F9DBE00CAC1A9 /* Info.plist */,
			);
			path = WeatherApp;
			sourceTree = "<group>";
		};
		9552CC37224F9F4700CAC1A9 /* Controller */ = {
			isa = PBXGroup;
			children = (
				9552CC27224F9DBE00CAC1A9 /* ForecastViewController.swift */,
				9552CC59224FCBBE00CAC1A9 /* ForecastDetailsViewController.swift */,
			);
			path = Controller;
			sourceTree = "<group>";
		};
		9552CC38224F9F4F00CAC1A9 /* Model */ = {
			isa = PBXGroup;
			children = (
				9552CC5D224FDEA800CAC1A9 /* Location */,
				9552CC3D224FA2AC00CAC1A9 /* Log */,
				9552CC3C224F9FA000CAC1A9 /* Weather */,
				9552CC3B224F9F9A00CAC1A9 /* Error */,
			);
			path = Model;
			sourceTree = "<group>";
		};
		9552CC39224F9F5400CAC1A9 /* View */ = {
			isa = PBXGroup;
			children = (
				9552CC69224FF6D700CAC1A9 /* XIB */,
				9552CC56224FBFD300CAC1A9 /* UICollectionView */,
			);
			path = View;
			sourceTree = "<group>";
		};
		9552CC3A224F9F8D00CAC1A9 /* Network */ = {
			isa = PBXGroup;
			children = (
				9552CC54224FB90F00CAC1A9 /* WeatherService.swift */,
			);
			path = Network;
			sourceTree = "<group>";
		};
		9552CC3B224F9F9A00CAC1A9 /* Error */ = {
			isa = PBXGroup;
			children = (
				9552CC46224FA48400CAC1A9 /* ErrorCodes.swift */,
				9552CC48224FA48900CAC1A9 /* ErrorBanner.swift */,
			);
			path = Error;
			sourceTree = "<group>";
		};
		9552CC3C224F9FA000CAC1A9 /* Weather */ = {
			isa = PBXGroup;
			children = (
				9552CC4C224FB34900CAC1A9 /* Weather.swift */,
				9552CC4E224FB45A00CAC1A9 /* Location.swift */,
				9552CC50224FB4F200CAC1A9 /* CurrentWeather.swift */,
				9552CC52224FB52700CAC1A9 /* Forecast.swift */,
			);
			path = Weather;
			sourceTree = "<group>";
		};
		9552CC3D224FA2AC00CAC1A9 /* Log */ = {
			isa = PBXGroup;
			children = (
				9552CC3E224FA2B500CAC1A9 /* Logger.swift */,
			);
			path = Log;
			sourceTree = "<group>";
		};
		9552CC42224FA45400CAC1A9 /* Extensions */ = {
			isa = PBXGroup;
			children = (
				9552CC4A224FA4E000CAC1A9 /* UIApplicationExtension.swift */,
				9552CC64224FF45D00CAC1A9 /* UIViewControllerExtension.swift */,
				9552CC62224FEEB300CAC1A9 /* UIViewExtension.swift */,
				9552CC6E224FFD1A00CAC1A9 /* UIImageViewExtension.swift */,
			);
			path = Extensions;
			sourceTree = "<group>";
		};
		9552CC56224FBFD300CAC1A9 /* UICollectionView */ = {
			isa = PBXGroup;
			children = (
				9552CC57224FC01D00CAC1A9 /* WeatherCell.swift */,
			);
			path = UICollectionView;
			sourceTree = "<group>";
		};
		9552CC5D224FDEA800CAC1A9 /* Location */ = {
			isa = PBXGroup;
			children = (
				9552CC5E224FDEB300CAC1A9 /* LocationService.swift */,
			);
			path = Location;
			sourceTree = "<group>";
		};
		9552CC69224FF6D700CAC1A9 /* XIB */ = {
			isa = PBXGroup;
			children = (
				9552CC6A224FF6E200CAC1A9 /* CustomAlertLoadingView.xib */,
				9552CC6C224FF75800CAC1A9 /* CustomAlertLoadingView.swift */,
			);
			path = XIB;
			sourceTree = "<group>";
		};
		CD8AAB4D111EF20088E3E823 /* Frameworks */ = {
			isa = PBXGroup;
			children = (
				0B7D4D46B66DE49E1622A6C4 /* Pods_WeatherApp.framework */,
			);
			name = Frameworks;
			sourceTree = "<group>";
		};
/* End PBXGroup section */

/* Begin PBXNativeTarget section */
		9552CC21224F9DBE00CAC1A9 /* WeatherApp */ = {
			isa = PBXNativeTarget;
			buildConfigurationList = 9552CC34224F9DBE00CAC1A9 /* Build configuration list for PBXNativeTarget "WeatherApp" */;
			buildPhases = (
				7F58BC325C5F559F6966E586 /* [CP] Check Pods Manifest.lock */,
				9552CC1E224F9DBE00CAC1A9 /* Sources */,
				9552CC1F224F9DBE00CAC1A9 /* Frameworks */,
				9552CC20224F9DBE00CAC1A9 /* Resources */,
				ABC112904A122CDAB54F5A7C /* [CP] Embed Pods Frameworks */,
			);
			buildRules = (
			);
			dependencies = (
			);
			name = WeatherApp;
			productName = WeatherApp;
			productReference = 9552CC22224F9DBE00CAC1A9 /* WeatherApp.app */;
			productType = "com.apple.product-type.application";
		};
/* End PBXNativeTarget section */

/* Begin PBXProject section */
		9552CC1A224F9DBE00CAC1A9 /* Project object */ = {
			isa = PBXProject;
			attributes = {
				LastSwiftUpdateCheck = 1010;
				LastUpgradeCheck = 1010;
				ORGANIZATIONNAME = "Wellison Pereira";
				TargetAttributes = {
					9552CC21224F9DBE00CAC1A9 = {
						CreatedOnToolsVersion = 10.1;
					};
				};
			};
			buildConfigurationList = 9552CC1D224F9DBE00CAC1A9 /* Build configuration list for PBXProject "WeatherApp" */;
			compatibilityVersion = "Xcode 9.3";
			developmentRegion = en;
			hasScannedForEncodings = 0;
			knownRegions = (
				en,
				Base,
			);
			mainGroup = 9552CC19224F9DBE00CAC1A9;
			productRefGroup = 9552CC23224F9DBE00CAC1A9 /* Products */;
			projectDirPath = "";
			projectRoot = "";
			targets = (
				9552CC21224F9DBE00CAC1A9 /* WeatherApp */,
			);
		};
/* End PBXProject section */

/* Begin PBXResourcesBuildPhase section */
		9552CC20224F9DBE00CAC1A9 /* Resources */ = {
			isa = PBXResourcesBuildPhase;
			buildActionMask = 2147483647;
			files = (
				9552CC30224F9DBE00CAC1A9 /* LaunchScreen.storyboard in Resources */,
				9552CC2D224F9DBE00CAC1A9 /* Assets.xcassets in Resources */,
				9552CC2B224F9DBE00CAC1A9 /* Main.storyboard in Resources */,
				9552CC6B224FF6E200CAC1A9 /* CustomAlertLoadingView.xib in Resources */,
			);
			runOnlyForDeploymentPostprocessing = 0;
		};
/* End PBXResourcesBuildPhase section */

/* Begin PBXShellScriptBuildPhase section */
		7F58BC325C5F559F6966E586 /* [CP] Check Pods Manifest.lock */ = {
			isa = PBXShellScriptBuildPhase;
			buildActionMask = 2147483647;
			files = (
			);
			inputFileListPaths = (
			);
			inputPaths = (
				"${PODS_PODFILE_DIR_PATH}/Podfile.lock",
				"${PODS_ROOT}/Manifest.lock",
			);
			name = "[CP] Check Pods Manifest.lock";
			outputFileListPaths = (
			);
			outputPaths = (
				"$(DERIVED_FILE_DIR)/Pods-WeatherApp-checkManifestLockResult.txt",
			);
			runOnlyForDeploymentPostprocessing = 0;
			shellPath = /bin/sh;
			shellScript = "diff \"${PODS_PODFILE_DIR_PATH}/Podfile.lock\" \"${PODS_ROOT}/Manifest.lock\" > /dev/null\nif [ $? != 0 ] ; then\n    # print error to STDERR\n    echo \"error: The sandbox is not in sync with the Podfile.lock. Run 'pod install' or update your CocoaPods installation.\" >&2\n    exit 1\nfi\n# This output is used by Xcode 'outputs' to avoid re-running this script phase.\necho \"SUCCESS\" > \"${SCRIPT_OUTPUT_FILE_0}\"\n";
			showEnvVarsInLog = 0;
		};
		ABC112904A122CDAB54F5A7C /* [CP] Embed Pods Frameworks */ = {
			isa = PBXShellScriptBuildPhase;
			buildActionMask = 2147483647;
			files = (
			);
			inputFileListPaths = (
			);
			inputPaths = (
				"${PODS_ROOT}/Target Support Files/Pods-WeatherApp/Pods-WeatherApp-frameworks.sh",
				"${BUILT_PRODUCTS_DIR}/Alamofire/Alamofire.framework",
				"${BUILT_PRODUCTS_DIR}/Log/Log.framework",
			);
			name = "[CP] Embed Pods Frameworks";
			outputFileListPaths = (
			);
			outputPaths = (
				"${TARGET_BUILD_DIR}/${FRAMEWORKS_FOLDER_PATH}/Alamofire.framework",
				"${TARGET_BUILD_DIR}/${FRAMEWORKS_FOLDER_PATH}/Log.framework",
			);
			runOnlyForDeploymentPostprocessing = 0;
			shellPath = /bin/sh;
			shellScript = "\"${PODS_ROOT}/Target Support Files/Pods-WeatherApp/Pods-WeatherApp-frameworks.sh\"\n";
			showEnvVarsInLog = 0;
		};
/* End PBXShellScriptBuildPhase section */

/* Begin PBXSourcesBuildPhase section */
		9552CC1E224F9DBE00CAC1A9 /* Sources */ = {
			isa = PBXSourcesBuildPhase;
			buildActionMask = 2147483647;
			files = (
				9552CC5F224FDEB300CAC1A9 /* LocationService.swift in Sources */,
				9552CC4B224FA4E000CAC1A9 /* UIApplicationExtension.swift in Sources */,
				9552CC28224F9DBE00CAC1A9 /* ForecastViewController.swift in Sources */,
				9552CC55224FB90F00CAC1A9 /* WeatherService.swift in Sources */,
				9552CC65224FF45D00CAC1A9 /* UIViewControllerExtension.swift in Sources */,
				9552CC4F224FB45A00CAC1A9 /* Location.swift in Sources */,
				9552CC63224FEEB300CAC1A9 /* UIViewExtension.swift in Sources */,
				9552CC4D224FB34900CAC1A9 /* Weather.swift in Sources */,
				9552CC53224FB52700CAC1A9 /* Forecast.swift in Sources */,
				9552CC6D224FF75800CAC1A9 /* CustomAlertLoadingView.swift in Sources */,
				9552CC51224FB4F200CAC1A9 /* CurrentWeather.swift in Sources */,
				9552CC3F224FA2B500CAC1A9 /* Logger.swift in Sources */,
				9552CC58224FC01D00CAC1A9 /* WeatherCell.swift in Sources */,
				9552CC26224F9DBE00CAC1A9 /* AppDelegate.swift in Sources */,
				9552CC6F224FFD1A00CAC1A9 /* UIImageViewExtension.swift in Sources */,
				9552CC47224FA48400CAC1A9 /* ErrorCodes.swift in Sources */,
				9552CC5A224FCBBE00CAC1A9 /* ForecastDetailsViewController.swift in Sources */,
				9552CC49224FA48900CAC1A9 /* ErrorBanner.swift in Sources */,
			);
			runOnlyForDeploymentPostprocessing = 0;
		};
/* End PBXSourcesBuildPhase section */

/* Begin PBXVariantGroup section */
		9552CC29224F9DBE00CAC1A9 /* Main.storyboard */ = {
			isa = PBXVariantGroup;
			children = (
				9552CC2A224F9DBE00CAC1A9 /* Base */,
			);
			name = Main.storyboard;
			sourceTree = "<group>";
		};
		9552CC2E224F9DBE00CAC1A9 /* LaunchScreen.storyboard */ = {
			isa = PBXVariantGroup;
			children = (
				9552CC2F224F9DBE00CAC1A9 /* Base */,
			);
			name = LaunchScreen.storyboard;
			sourceTree = "<group>";
		};
/* End PBXVariantGroup section */

/* Begin XCBuildConfiguration section */
		9552CC32224F9DBE00CAC1A9 /* Debug */ = {
			isa = XCBuildConfiguration;
			buildSettings = {
				ALWAYS_SEARCH_USER_PATHS = NO;
				CLANG_ANALYZER_NONNULL = YES;
				CLANG_ANALYZER_NUMBER_OBJECT_CONVERSION = YES_AGGRESSIVE;
				CLANG_CXX_LANGUAGE_STANDARD = "gnu++14";
				CLANG_CXX_LIBRARY = "libc++";
				CLANG_ENABLE_MODULES = YES;
				CLANG_ENABLE_OBJC_ARC = YES;
				CLANG_ENABLE_OBJC_WEAK = YES;
				CLANG_WARN_BLOCK_CAPTURE_AUTORELEASING = YES;
				CLANG_WARN_BOOL_CONVERSION = YES;
				CLANG_WARN_COMMA = YES;
				CLANG_WARN_CONSTANT_CONVERSION = YES;
				CLANG_WARN_DEPRECATED_OBJC_IMPLEMENTATIONS = YES;
				CLANG_WARN_DIRECT_OBJC_ISA_USAGE = YES_ERROR;
				CLANG_WARN_DOCUMENTATION_COMMENTS = YES;
				CLANG_WARN_EMPTY_BODY = YES;
				CLANG_WARN_ENUM_CONVERSION = YES;
				CLANG_WARN_INFINITE_RECURSION = YES;
				CLANG_WARN_INT_CONVERSION = YES;
				CLANG_WARN_NON_LITERAL_NULL_CONVERSION = YES;
				CLANG_WARN_OBJC_IMPLICIT_RETAIN_SELF = YES;
				CLANG_WARN_OBJC_LITERAL_CONVERSION = YES;
				CLANG_WARN_OBJC_ROOT_CLASS = YES_ERROR;
				CLANG_WARN_RANGE_LOOP_ANALYSIS = YES;
				CLANG_WARN_STRICT_PROTOTYPES = YES;
				CLANG_WARN_SUSPICIOUS_MOVE = YES;
				CLANG_WARN_UNGUARDED_AVAILABILITY = YES_AGGRESSIVE;
				CLANG_WARN_UNREACHABLE_CODE = YES;
				CLANG_WARN__DUPLICATE_METHOD_MATCH = YES;
				CODE_SIGN_IDENTITY = "iPhone Developer";
				COPY_PHASE_STRIP = NO;
				DEBUG_INFORMATION_FORMAT = dwarf;
				ENABLE_STRICT_OBJC_MSGSEND = YES;
				ENABLE_TESTABILITY = YES;
				GCC_C_LANGUAGE_STANDARD = gnu11;
				GCC_DYNAMIC_NO_PIC = NO;
				GCC_NO_COMMON_BLOCKS = YES;
				GCC_OPTIMIZATION_LEVEL = 0;
				GCC_PREPROCESSOR_DEFINITIONS = (
					"DEBUG=1",
					"$(inherited)",
				);
				GCC_WARN_64_TO_32_BIT_CONVERSION = YES;
				GCC_WARN_ABOUT_RETURN_TYPE = YES_ERROR;
				GCC_WARN_UNDECLARED_SELECTOR = YES;
				GCC_WARN_UNINITIALIZED_AUTOS = YES_AGGRESSIVE;
				GCC_WARN_UNUSED_FUNCTION = YES;
				GCC_WARN_UNUSED_VARIABLE = YES;
				IPHONEOS_DEPLOYMENT_TARGET = 12.1;
				MTL_ENABLE_DEBUG_INFO = INCLUDE_SOURCE;
				MTL_FAST_MATH = YES;
				ONLY_ACTIVE_ARCH = YES;
				SDKROOT = iphoneos;
				SWIFT_ACTIVE_COMPILATION_CONDITIONS = DEBUG;
				SWIFT_OPTIMIZATION_LEVEL = "-Onone";
			};
			name = Debug;
		};
		9552CC33224F9DBE00CAC1A9 /* Release */ = {
			isa = XCBuildConfiguration;
			buildSettings = {
				ALWAYS_SEARCH_USER_PATHS = NO;
				CLANG_ANALYZER_NONNULL = YES;
				CLANG_ANALYZER_NUMBER_OBJECT_CONVERSION = YES_AGGRESSIVE;
				CLANG_CXX_LANGUAGE_STANDARD = "gnu++14";
				CLANG_CXX_LIBRARY = "libc++";
				CLANG_ENABLE_MODULES = YES;
				CLANG_ENABLE_OBJC_ARC = YES;
				CLANG_ENABLE_OBJC_WEAK = YES;
				CLANG_WARN_BLOCK_CAPTURE_AUTORELEASING = YES;
				CLANG_WARN_BOOL_CONVERSION = YES;
				CLANG_WARN_COMMA = YES;
				CLANG_WARN_CONSTANT_CONVERSION = YES;
				CLANG_WARN_DEPRECATED_OBJC_IMPLEMENTATIONS = YES;
				CLANG_WARN_DIRECT_OBJC_ISA_USAGE = YES_ERROR;
				CLANG_WARN_DOCUMENTATION_COMMENTS = YES;
				CLANG_WARN_EMPTY_BODY = YES;
				CLANG_WARN_ENUM_CONVERSION = YES;
				CLANG_WARN_INFINITE_RECURSION = YES;
				CLANG_WARN_INT_CONVERSION = YES;
				CLANG_WARN_NON_LITERAL_NULL_CONVERSION = YES;
				CLANG_WARN_OBJC_IMPLICIT_RETAIN_SELF = YES;
				CLANG_WARN_OBJC_LITERAL_CONVERSION = YES;
				CLANG_WARN_OBJC_ROOT_CLASS = YES_ERROR;
				CLANG_WARN_RANGE_LOOP_ANALYSIS = YES;
				CLANG_WARN_STRICT_PROTOTYPES = YES;
				CLANG_WARN_SUSPICIOUS_MOVE = YES;
				CLANG_WARN_UNGUARDED_AVAILABILITY = YES_AGGRESSIVE;
				CLANG_WARN_UNREACHABLE_CODE = YES;
				CLANG_WARN__DUPLICATE_METHOD_MATCH = YES;
				CODE_SIGN_IDENTITY = "iPhone Developer";
				COPY_PHASE_STRIP = NO;
				DEBUG_INFORMATION_FORMAT = "dwarf-with-dsym";
				ENABLE_NS_ASSERTIONS = NO;
				ENABLE_STRICT_OBJC_MSGSEND = YES;
				GCC_C_LANGUAGE_STANDARD = gnu11;
				GCC_NO_COMMON_BLOCKS = YES;
				GCC_WARN_64_TO_32_BIT_CONVERSION = YES;
				GCC_WARN_ABOUT_RETURN_TYPE = YES_ERROR;
				GCC_WARN_UNDECLARED_SELECTOR = YES;
				GCC_WARN_UNINITIALIZED_AUTOS = YES_AGGRESSIVE;
				GCC_WARN_UNUSED_FUNCTION = YES;
				GCC_WARN_UNUSED_VARIABLE = YES;
				IPHONEOS_DEPLOYMENT_TARGET = 12.1;
				MTL_ENABLE_DEBUG_INFO = NO;
				MTL_FAST_MATH = YES;
				SDKROOT = iphoneos;
				SWIFT_COMPILATION_MODE = wholemodule;
				SWIFT_OPTIMIZATION_LEVEL = "-O";
				VALIDATE_PRODUCT = YES;
			};
			name = Release;
		};
		9552CC35224F9DBE00CAC1A9 /* Debug */ = {
			isa = XCBuildConfiguration;
			baseConfigurationReference = 7FBD0D8F6B4485A6BC78355B /* Pods-WeatherApp.debug.xcconfig */;
			buildSettings = {
				ASSETCATALOG_COMPILER_APPICON_NAME = AppIcon;
				CODE_SIGN_STYLE = Automatic;
				DEVELOPMENT_TEAM = NG6UM76K5M;
				INFOPLIST_FILE = WeatherApp/Info.plist;
				LD_RUNPATH_SEARCH_PATHS = (
					"$(inherited)",
					"@executable_path/Frameworks",
				);
				PRODUCT_BUNDLE_IDENTIFIER = com.toracross.WeatherApp;
				PRODUCT_NAME = "$(TARGET_NAME)";
				SWIFT_VERSION = 4.2;
				TARGETED_DEVICE_FAMILY = "1,2";
			};
			name = Debug;
		};
		9552CC36224F9DBE00CAC1A9 /* Release */ = {
			isa = XCBuildConfiguration;
			baseConfigurationReference = 670BC5D19ABD03B5EA8766D2 /* Pods-WeatherApp.release.xcconfig */;
			buildSettings = {
				ASSETCATALOG_COMPILER_APPICON_NAME = AppIcon;
				CODE_SIGN_STYLE = Automatic;
				DEVELOPMENT_TEAM = NG6UM76K5M;
				INFOPLIST_FILE = WeatherApp/Info.plist;
				LD_RUNPATH_SEARCH_PATHS = (
					"$(inherited)",
					"@executable_path/Frameworks",
				);
				PRODUCT_BUNDLE_IDENTIFIER = com.toracross.WeatherApp;
				PRODUCT_NAME = "$(TARGET_NAME)";
				SWIFT_VERSION = 4.2;
				TARGETED_DEVICE_FAMILY = "1,2";
			};
			name = Release;
		};
/* End XCBuildConfiguration section */

/* Begin XCConfigurationList section */
		9552CC1D224F9DBE00CAC1A9 /* Build configuration list for PBXProject "WeatherApp" */ = {
			isa = XCConfigurationList;
			buildConfigurations = (
				9552CC32224F9DBE00CAC1A9 /* Debug */,
				9552CC33224F9DBE00CAC1A9 /* Release */,
			);
			defaultConfigurationIsVisible = 0;
			defaultConfigurationName = Release;
		};
		9552CC34224F9DBE00CAC1A9 /* Build configuration list for PBXNativeTarget "WeatherApp" */ = {
			isa = XCConfigurationList;
			buildConfigurations = (
				9552CC35224F9DBE00CAC1A9 /* Debug */,
				9552CC36224F9DBE00CAC1A9 /* Release */,
			);
			defaultConfigurationIsVisible = 0;
			defaultConfigurationName = Release;
		};
/* End XCConfigurationList section */
	};
	rootObject = 9552CC1A224F9DBE00CAC1A9 /* Project object */;
}
